
Microsoft Visual Studio Solution File, Format Version 12.00
# Visual Studio Express 2013 for Windows Desktop
VisualStudioVersion = 12.0.21005.1
MinimumVisualStudioVersion = 10.0.40219.1
Project("{FAE04EC0-301F-11D3-BF4B-00C04F79EFBC}") = "XF.Common", "..\XF.Common\XF.Common.csproj", "{11315CAE-C02D-42C6-84AC-B8CCA55C8525}"
EndProject
Project("{FAE04EC0-301F-11D3-BF4B-00C04F79EFBC}") = "XF.Common.Server", "..\XF.Common.Server\XF.Common.Server.csproj", "{E4EEE7FB-3E38-4C6B-BE82-977A5ABFC403}"
EndProject
Project("{FAE04EC0-301F-11D3-BF4B-00C04F79EFBC}") = "XF.Common.Server.Contracts", "..\XF.Common.Server.Contracts\XF.Common.Server.Contracts.csproj", "{7FEEE779-3AD3-43FE-8F0A-57162D8AA9C3}"
EndProject
Project("{FAE04EC0-301F-11D3-BF4B-00C04F79EFBC}") = "XF.DataServices.SqlServer.Contracts", "..\XF.DataServices.SqlServer.Contracts\XF.DataServices.SqlServer.Contracts.csproj", "{E1DAEA2E-8754-4E57-8EE5-2ADC71C77440}"
EndProject
Project("{FAE04EC0-301F-11D3-BF4B-00C04F79EFBC}") = "XF.DataServices.MongoDb.Contracts", "..\XF.DataServices.MongoDb.Contracts\XF.DataServices.MongoDb.Contracts.csproj", "{7AB58B1E-CD03-4C5E-9F67-0BFEF60E210D}"
EndProject
Global
	GlobalSection(SolutionConfigurationPlatforms) = preSolution
		Debug|Any CPU = Debug|Any CPU
		Release|Any CPU = Release|Any CPU
	EndGlobalSection
	GlobalSection(ProjectConfigurationPlatforms) = postSolution
		{11315CAE-C02D-42C6-84AC-B8CCA55C8525}.Debug|Any CPU.ActiveCfg = Debug|Any CPU
		{11315CAE-C02D-42C6-84AC-B8CCA55C8525}.Debug|Any CPU.Build.0 = Debug|Any CPU
		{11315CAE-C02D-42C6-84AC-B8CCA55C8525}.Release|Any CPU.ActiveCfg = Release|Any CPU
		{11315CAE-C02D-42C6-84AC-B8CCA55C8525}.Release|Any CPU.Build.0 = Release|Any CPU
		{E4EEE7FB-3E38-4C6B-BE82-977A5ABFC403}.Debug|Any CPU.ActiveCfg = Debug|Any CPU
		{E4EEE7FB-3E38-4C6B-BE82-977A5ABFC403}.Debug|Any CPU.Build.0 = Debug|Any CPU
		{E4EEE7FB-3E38-4C6B-BE82-977A5ABFC403}.Release|Any CPU.ActiveCfg = Release|Any CPU
		{E4EEE7FB-3E38-4C6B-BE82-977A5ABFC403}.Release|Any CPU.Build.0 = Release|Any CPU
		{7FEEE779-3AD3-43FE-8F0A-57162D8AA9C3}.Debug|Any CPU.ActiveCfg = Debug|Any CPU
		{7FEEE779-3AD3-43FE-8F0A-57162D8AA9C3}.Debug|Any CPU.Build.0 = Debug|Any CPU
		{7FEEE779-3AD3-43FE-8F0A-57162D8AA9C3}.Release|Any CPU.ActiveCfg = Release|Any CPU
		{7FEEE779-3AD3-43FE-8F0A-57162D8AA9C3}.Release|Any CPU.Build.0 = Release|Any CPU
		{E1DAEA2E-8754-4E57-8EE5-2ADC71C77440}.Debug|Any CPU.ActiveCfg = Debug|Any CPU
		{E1DAEA2E-8754-4E57-8EE5-2ADC71C77440}.Debug|Any CPU.Build.0 = Debug|Any CPU
		{E1DAEA2E-8754-4E57-8EE5-2ADC71C77440}.Release|Any CPU.ActiveCfg = Release|Any CPU
		{E1DAEA2E-8754-4E57-8EE5-2ADC71C77440}.Release|Any CPU.Build.0 = Release|Any CPU
		{7AB58B1E-CD03-4C5E-9F67-0BFEF60E210D}.Debug|Any CPU.ActiveCfg = Debug|Any CPU
		{7AB58B1E-CD03-4C5E-9F67-0BFEF60E210D}.Debug|Any CPU.Build.0 = Debug|Any CPU
		{7AB58B1E-CD03-4C5E-9F67-0BFEF60E210D}.Release|Any CPU.ActiveCfg = Release|Any CPU
		{7AB58B1E-CD03-4C5E-9F67-0BFEF60E210D}.Release|Any CPU.Build.0 = Release|Any CPU
	EndGlobalSection
	GlobalSection(SolutionProperties) = preSolution
		HideSolutionNode = FALSE
	EndGlobalSection
EndGlobal
